
Microsoft Visual Studio Solution File, Format Version 12.00
# Visual Studio Version 17
VisualStudioVersion = 17.13.35818.85 d17.13
MinimumVisualStudioVersion = 10.0.40219.1
Project("{FAE04EC0-301F-11D3-BF4B-00C04F79EFBC}") = "AS", "AS\AS.csproj", "{91A43ECA-1801-4E5A-AAEC-A1841A3B0856}"
EndProject
Global
	GlobalSection(SolutionConfigurationPlatforms) = preSolution
		Debug|Any CPU = Debug|Any CPU
		Release|Any CPU = Release|Any CPU
	EndGlobalSection
	GlobalSection(ProjectConfigurationPlatforms) = postSolution
		{91A43ECA-1801-4E5A-AAEC-A1841A3B0856}.Debug|Any CPU.ActiveCfg = Debug|Any CPU
		{91A43ECA-1801-4E5A-AAEC-A1841A3B0856}.Debug|Any CPU.Build.0 = Debug|Any CPU
		{91A43ECA-1801-4E5A-AAEC-A1841A3B0856}.Release|Any CPU.ActiveCfg = Release|Any CPU
		{91A43ECA-1801-4E5A-AAEC-A1841A3B0856}.Release|Any CPU.Build.0 = Release|Any CPU
	EndGlobalSection
	GlobalSection(SolutionProperties) = preSolution
		HideSolutionNode = FALSE
	EndGlobalSection
	GlobalSection(ExtensibilityGlobals) = postSolution
		SolutionGuid = {25738802-6DEE-492F-A30F-A5C71C9BFC6B}
	EndGlobalSection
EndGlobal
